
Microsoft Visual Studio Solution File, Format Version 12.00
# Visual Studio 15
VisualStudioVersion = 15.0.27004.2009
MinimumVisualStudioVersion = 10.0.40219.1
Project("{FAE04EC0-301F-11D3-BF4B-00C04F79EFBC}") = "Ambulance1", "Ambulance1\Ambulance1.csproj", "{351D425B-A247-43BF-B2F9-FC744E2BB0BD}"
EndProject
Global
	GlobalSection(SolutionConfigurationPlatforms) = preSolution
		Debug|ARM = Debug|ARM
		Debug|x64 = Debug|x64
		Debug|x86 = Debug|x86
		Release|ARM = Release|ARM
		Release|x64 = Release|x64
		Release|x86 = Release|x86
	EndGlobalSection
	GlobalSection(ProjectConfigurationPlatforms) = postSolution
		{351D425B-A247-43BF-B2F9-FC744E2BB0BD}.Debug|ARM.ActiveCfg = Debug|ARM
		{351D425B-A247-43BF-B2F9-FC744E2BB0BD}.Debug|ARM.Build.0 = Debug|ARM
		{351D425B-A247-43BF-B2F9-FC744E2BB0BD}.Debug|ARM.Deploy.0 = Debug|ARM
		{351D425B-A247-43BF-B2F9-FC744E2BB0BD}.Debug|x64.ActiveCfg = Debug|x64
		{351D425B-A247-43BF-B2F9-FC744E2BB0BD}.Debug|x64.Build.0 = Debug|x64
		{351D425B-A247-43BF-B2F9-FC744E2BB0BD}.Debug|x64.Deploy.0 = Debug|x64
		{351D425B-A247-43BF-B2F9-FC744E2BB0BD}.Debug|x86.ActiveCfg = Debug|x86
		{351D425B-A247-43BF-B2F9-FC744E2BB0BD}.Debug|x86.Build.0 = Debug|x86
		{351D425B-A247-43BF-B2F9-FC744E2BB0BD}.Debug|x86.Deploy.0 = Debug|x86
		{351D425B-A247-43BF-B2F9-FC744E2BB0BD}.Release|ARM.ActiveCfg = Release|ARM
		{351D425B-A247-43BF-B2F9-FC744E2BB0BD}.Release|ARM.Build.0 = Release|ARM
		{351D425B-A247-43BF-B2F9-FC744E2BB0BD}.Release|ARM.Deploy.0 = Release|ARM
		{351D425B-A247-43BF-B2F9-FC744E2BB0BD}.Release|x64.ActiveCfg = Release|x64
		{351D425B-A247-43BF-B2F9-FC744E2BB0BD}.Release|x64.Build.0 = Release|x64
		{351D425B-A247-43BF-B2F9-FC744E2BB0BD}.Release|x64.Deploy.0 = Release|x64
		{351D425B-A247-43BF-B2F9-FC744E2BB0BD}.Release|x86.ActiveCfg = Release|x86
		{351D425B-A247-43BF-B2F9-FC744E2BB0BD}.Release|x86.Build.0 = Release|x86
		{351D425B-A247-43BF-B2F9-FC744E2BB0BD}.Release|x86.Deploy.0 = Release|x86
	EndGlobalSection
	GlobalSection(SolutionProperties) = preSolution
		HideSolutionNode = FALSE
	EndGlobalSection
	GlobalSection(ExtensibilityGlobals) = postSolution
		SolutionGuid = {C831F709-EFA5-41AB-8B49-2EFBB605C1DC}
	EndGlobalSection
EndGlobal
